
Microsoft Visual Studio Solution File, Format Version 12.00
# Visual Studio Version 16
VisualStudioVersion = 16.0.28721.148
MinimumVisualStudioVersion = 10.0.40219.1
Project("{FAE04EC0-301F-11D3-BF4B-00C04F79EFBC}") = "MotionDetector", "MotionDetector\MotionDetector.csproj", "{F1811D8A-951E-4BAF-AF2D-BC9CC8025267}"
EndProject
Project("{FAE04EC0-301F-11D3-BF4B-00C04F79EFBC}") = "BasecodeLibrary", "..\..\UWPLibrary\BasecodeLibrary\BasecodeLibrary\BasecodeLibrary.csproj", "{5D802867-0FDC-49DE-BAF4-AB5628F6F72F}"
EndProject
Project("{FAE04EC0-301F-11D3-BF4B-00C04F79EFBC}") = "RussLib", "..\..\RussLib\RussLib\RussLib.csproj", "{AD9FDAD7-C945-4E67-B1D6-CADBE27A45BA}"
EndProject
Project("{9A19103F-16F7-4668-BE54-9A1E7A4F7556}") = "AppInsights.WindowsDesktop", "..\..\AppInsights.WindowsDesktop\AppInsights.WindowsDesktop\AppInsights.WindowsDesktop.csproj", "{73C67AFA-DFAD-4223-B2A6-A8B119D39DEC}"
EndProject
Global
	GlobalSection(SolutionConfigurationPlatforms) = preSolution
		Debug|Any CPU = Debug|Any CPU
		Debug|ARM = Debug|ARM
		Debug|x64 = Debug|x64
		Debug|x86 = Debug|x86
		Release|Any CPU = Release|Any CPU
		Release|ARM = Release|ARM
		Release|x64 = Release|x64
		Release|x86 = Release|x86
	EndGlobalSection
	GlobalSection(ProjectConfigurationPlatforms) = postSolution
		{F1811D8A-951E-4BAF-AF2D-BC9CC8025267}.Debug|Any CPU.ActiveCfg = Debug|x86
		{F1811D8A-951E-4BAF-AF2D-BC9CC8025267}.Debug|Any CPU.Build.0 = Debug|x86
		{F1811D8A-951E-4BAF-AF2D-BC9CC8025267}.Debug|Any CPU.Deploy.0 = Debug|x86
		{F1811D8A-951E-4BAF-AF2D-BC9CC8025267}.Debug|ARM.ActiveCfg = Debug|ARM
		{F1811D8A-951E-4BAF-AF2D-BC9CC8025267}.Debug|ARM.Build.0 = Debug|ARM
		{F1811D8A-951E-4BAF-AF2D-BC9CC8025267}.Debug|ARM.Deploy.0 = Debug|ARM
		{F1811D8A-951E-4BAF-AF2D-BC9CC8025267}.Debug|x64.ActiveCfg = Debug|x64
		{F1811D8A-951E-4BAF-AF2D-BC9CC8025267}.Debug|x64.Build.0 = Debug|x64
		{F1811D8A-951E-4BAF-AF2D-BC9CC8025267}.Debug|x64.Deploy.0 = Debug|x64
		{F1811D8A-951E-4BAF-AF2D-BC9CC8025267}.Debug|x86.ActiveCfg = Debug|x86
		{F1811D8A-951E-4BAF-AF2D-BC9CC8025267}.Debug|x86.Build.0 = Debug|x86
		{F1811D8A-951E-4BAF-AF2D-BC9CC8025267}.Debug|x86.Deploy.0 = Debug|x86
		{F1811D8A-951E-4BAF-AF2D-BC9CC8025267}.Release|Any CPU.ActiveCfg = Release|x86
		{F1811D8A-951E-4BAF-AF2D-BC9CC8025267}.Release|Any CPU.Build.0 = Release|x86
		{F1811D8A-951E-4BAF-AF2D-BC9CC8025267}.Release|Any CPU.Deploy.0 = Release|x86
		{F1811D8A-951E-4BAF-AF2D-BC9CC8025267}.Release|ARM.ActiveCfg = Release|ARM
		{F1811D8A-951E-4BAF-AF2D-BC9CC8025267}.Release|ARM.Build.0 = Release|ARM
		{F1811D8A-951E-4BAF-AF2D-BC9CC8025267}.Release|ARM.Deploy.0 = Release|ARM
		{F1811D8A-951E-4BAF-AF2D-BC9CC8025267}.Release|x64.ActiveCfg = Release|x64
		{F1811D8A-951E-4BAF-AF2D-BC9CC8025267}.Release|x64.Build.0 = Release|x64
		{F1811D8A-951E-4BAF-AF2D-BC9CC8025267}.Release|x64.Deploy.0 = Release|x64
		{F1811D8A-951E-4BAF-AF2D-BC9CC8025267}.Release|x86.ActiveCfg = Release|x86
		{F1811D8A-951E-4BAF-AF2D-BC9CC8025267}.Release|x86.Build.0 = Release|x86
		{F1811D8A-951E-4BAF-AF2D-BC9CC8025267}.Release|x86.Deploy.0 = Release|x86
		{5D802867-0FDC-49DE-BAF4-AB5628F6F72F}.Debug|Any CPU.ActiveCfg = Debug|Any CPU
		{5D802867-0FDC-49DE-BAF4-AB5628F6F72F}.Debug|Any CPU.Build.0 = Debug|Any CPU
		{5D802867-0FDC-49DE-BAF4-AB5628F6F72F}.Debug|ARM.ActiveCfg = Debug|ARM
		{5D802867-0FDC-49DE-BAF4-AB5628F6F72F}.Debug|ARM.Build.0 = Debug|ARM
		{5D802867-0FDC-49DE-BAF4-AB5628F6F72F}.Debug|x64.ActiveCfg = Debug|x64
		{5D802867-0FDC-49DE-BAF4-AB5628F6F72F}.Debug|x64.Build.0 = Debug|x64
		{5D802867-0FDC-49DE-BAF4-AB5628F6F72F}.Debug|x86.ActiveCfg = Debug|x86
		{5D802867-0FDC-49DE-BAF4-AB5628F6F72F}.Debug|x86.Build.0 = Debug|x86
		{5D802867-0FDC-49DE-BAF4-AB5628F6F72F}.Release|Any CPU.ActiveCfg = Release|Any CPU
		{5D802867-0FDC-49DE-BAF4-AB5628F6F72F}.Release|Any CPU.Build.0 = Release|Any CPU
		{5D802867-0FDC-49DE-BAF4-AB5628F6F72F}.Release|ARM.ActiveCfg = Release|ARM
		{5D802867-0FDC-49DE-BAF4-AB5628F6F72F}.Release|ARM.Build.0 = Release|ARM
		{5D802867-0FDC-49DE-BAF4-AB5628F6F72F}.Release|x64.ActiveCfg = Release|x64
		{5D802867-0FDC-49DE-BAF4-AB5628F6F72F}.Release|x64.Build.0 = Release|x64
		{5D802867-0FDC-49DE-BAF4-AB5628F6F72F}.Release|x86.ActiveCfg = Release|x86
		{5D802867-0FDC-49DE-BAF4-AB5628F6F72F}.Release|x86.Build.0 = Release|x86
		{AD9FDAD7-C945-4E67-B1D6-CADBE27A45BA}.Debug|Any CPU.ActiveCfg = Debug|Any CPU
		{AD9FDAD7-C945-4E67-B1D6-CADBE27A45BA}.Debug|Any CPU.Build.0 = Debug|Any CPU
		{AD9FDAD7-C945-4E67-B1D6-CADBE27A45BA}.Debug|ARM.ActiveCfg = Debug|ARM
		{AD9FDAD7-C945-4E67-B1D6-CADBE27A45BA}.Debug|ARM.Build.0 = Debug|ARM
		{AD9FDAD7-C945-4E67-B1D6-CADBE27A45BA}.Debug|x64.ActiveCfg = Debug|x64
		{AD9FDAD7-C945-4E67-B1D6-CADBE27A45BA}.Debug|x64.Build.0 = Debug|x64
		{AD9FDAD7-C945-4E67-B1D6-CADBE27A45BA}.Debug|x86.ActiveCfg = Debug|x86
		{AD9FDAD7-C945-4E67-B1D6-CADBE27A45BA}.Debug|x86.Build.0 = Debug|x86
		{AD9FDAD7-C945-4E67-B1D6-CADBE27A45BA}.Release|Any CPU.ActiveCfg = Release|Any CPU
		{AD9FDAD7-C945-4E67-B1D6-CADBE27A45BA}.Release|Any CPU.Build.0 = Release|Any CPU
		{AD9FDAD7-C945-4E67-B1D6-CADBE27A45BA}.Release|ARM.ActiveCfg = Release|ARM
		{AD9FDAD7-C945-4E67-B1D6-CADBE27A45BA}.Release|ARM.Build.0 = Release|ARM
		{AD9FDAD7-C945-4E67-B1D6-CADBE27A45BA}.Release|x64.ActiveCfg = Release|x64
		{AD9FDAD7-C945-4E67-B1D6-CADBE27A45BA}.Release|x64.Build.0 = Release|x64
		{AD9FDAD7-C945-4E67-B1D6-CADBE27A45BA}.Release|x86.ActiveCfg = Release|x86
		{AD9FDAD7-C945-4E67-B1D6-CADBE27A45BA}.Release|x86.Build.0 = Release|x86
		{73C67AFA-DFAD-4223-B2A6-A8B119D39DEC}.Debug|Any CPU.ActiveCfg = Debug|Any CPU
		{73C67AFA-DFAD-4223-B2A6-A8B119D39DEC}.Debug|Any CPU.Build.0 = Debug|Any CPU
		{73C67AFA-DFAD-4223-B2A6-A8B119D39DEC}.Debug|ARM.ActiveCfg = Debug|Any CPU
		{73C67AFA-DFAD-4223-B2A6-A8B119D39DEC}.Debug|ARM.Build.0 = Debug|Any CPU
		{73C67AFA-DFAD-4223-B2A6-A8B119D39DEC}.Debug|x64.ActiveCfg = Debug|Any CPU
		{73C67AFA-DFAD-4223-B2A6-A8B119D39DEC}.Debug|x64.Build.0 = Debug|Any CPU
		{73C67AFA-DFAD-4223-B2A6-A8B119D39DEC}.Debug|x86.ActiveCfg = Debug|Any CPU
		{73C67AFA-DFAD-4223-B2A6-A8B119D39DEC}.Debug|x86.Build.0 = Debug|Any CPU
		{73C67AFA-DFAD-4223-B2A6-A8B119D39DEC}.Release|Any CPU.ActiveCfg = Release|Any CPU
		{73C67AFA-DFAD-4223-B2A6-A8B119D39DEC}.Release|Any CPU.Build.0 = Release|Any CPU
		{73C67AFA-DFAD-4223-B2A6-A8B119D39DEC}.Release|ARM.ActiveCfg = Release|Any CPU
		{73C67AFA-DFAD-4223-B2A6-A8B119D39DEC}.Release|ARM.Build.0 = Release|Any CPU
		{73C67AFA-DFAD-4223-B2A6-A8B119D39DEC}.Release|x64.ActiveCfg = Release|Any CPU
		{73C67AFA-DFAD-4223-B2A6-A8B119D39DEC}.Release|x64.Build.0 = Release|Any CPU
		{73C67AFA-DFAD-4223-B2A6-A8B119D39DEC}.Release|x86.ActiveCfg = Release|Any CPU
		{73C67AFA-DFAD-4223-B2A6-A8B119D39DEC}.Release|x86.Build.0 = Release|Any CPU
	EndGlobalSection
	GlobalSection(SolutionProperties) = preSolution
		HideSolutionNode = FALSE
	EndGlobalSection
	GlobalSection(ExtensibilityGlobals) = postSolution
		SolutionGuid = {EC699B74-F569-4667-8C70-44D5171EC559}
	EndGlobalSection
EndGlobal
